
Microsoft Visual Studio Solution File, Format Version 12.00
# Visual Studio Version 16
VisualStudioVersion = 16.0.31829.152
MinimumVisualStudioVersion = 10.0.40219.1
Project("{FAE04EC0-301F-11D3-BF4B-00C04F79EFBC}") = "nz-vs2019-DotNetCollaborate", "nz-vs2019-DotNetCollaborate\nz-vs2019-DotNetCollaborate.csproj", "{F85201FC-4083-4ABA-A427-5ACB821B38E1}"
EndProject
Global
	GlobalSection(SolutionConfigurationPlatforms) = preSolution
		Debug|Any CPU = Debug|Any CPU
		Release|Any CPU = Release|Any CPU
	EndGlobalSection
	GlobalSection(ProjectConfigurationPlatforms) = postSolution
		{F85201FC-4083-4ABA-A427-5ACB821B38E1}.Debug|Any CPU.ActiveCfg = Debug|Any CPU
		{F85201FC-4083-4ABA-A427-5ACB821B38E1}.Debug|Any CPU.Build.0 = Debug|Any CPU
		{F85201FC-4083-4ABA-A427-5ACB821B38E1}.Release|Any CPU.ActiveCfg = Release|Any CPU
		{F85201FC-4083-4ABA-A427-5ACB821B38E1}.Release|Any CPU.Build.0 = Release|Any CPU
	EndGlobalSection
	GlobalSection(SolutionProperties) = preSolution
		HideSolutionNode = FALSE
	EndGlobalSection
	GlobalSection(ExtensibilityGlobals) = postSolution
		SolutionGuid = {C3BF4EEB-A110-4703-ACC9-B45D68C496A5}
	EndGlobalSection
EndGlobal
